Microsoft Visual Studio Solution File, Format Version 11.00
# Visual Studio 2008

Project("{32D92711-7F9F-B863-89CE-00BDB18F99B1}") = "TerminalVelocityProject", "Assembly-CSharp-firstpass-vs.csproj", "{AFAA53A2-0A3E-0B17-2292-65E0AB711406}"
EndProject
Project("{32D92711-7F9F-B863-89CE-00BDB18F99B1}") = "TerminalVelocityProject", "Assembly-CSharp-vs.csproj", "{FA95C24D-89D4-5A0C-7D76-C395C6A47A93}"
EndProject
Project("{32D92711-7F9F-B863-89CE-00BDB18F99B1}") = "TerminalVelocityProject", "Assembly-CSharp-Editor-firstpass-vs.csproj", "{4A6B6C4F-5FB2-E97D-F88A-87D02A6AE88D}"
EndProject
Global
	GlobalSection(SolutionConfigurationPlatforms) = preSolution
		Debug|Any CPU = Debug|Any CPU
		Release|Any CPU = Release|Any CPU
	EndGlobalSection
	GlobalSection(ProjectConfigurationPlatforms) = postSolution
		{AFAA53A2-0A3E-0B17-2292-65E0AB711406}.Debug|Any CPU.ActiveCfg = Debug|Any CPU
		{AFAA53A2-0A3E-0B17-2292-65E0AB711406}.Debug|Any CPU.Build.0 = Debug|Any CPU
		{AFAA53A2-0A3E-0B17-2292-65E0AB711406}.Release|Any CPU.ActiveCfg = Release|Any CPU
		{AFAA53A2-0A3E-0B17-2292-65E0AB711406}.Release|Any CPU.Build.0 = Release|Any CPU
		{FA95C24D-89D4-5A0C-7D76-C395C6A47A93}.Debug|Any CPU.ActiveCfg = Debug|Any CPU
		{FA95C24D-89D4-5A0C-7D76-C395C6A47A93}.Debug|Any CPU.Build.0 = Debug|Any CPU
		{FA95C24D-89D4-5A0C-7D76-C395C6A47A93}.Release|Any CPU.ActiveCfg = Release|Any CPU
		{FA95C24D-89D4-5A0C-7D76-C395C6A47A93}.Release|Any CPU.Build.0 = Release|Any CPU
		{4A6B6C4F-5FB2-E97D-F88A-87D02A6AE88D}.Debug|Any CPU.ActiveCfg = Debug|Any CPU
		{4A6B6C4F-5FB2-E97D-F88A-87D02A6AE88D}.Debug|Any CPU.Build.0 = Debug|Any CPU
		{4A6B6C4F-5FB2-E97D-F88A-87D02A6AE88D}.Release|Any CPU.ActiveCfg = Release|Any CPU
		{4A6B6C4F-5FB2-E97D-F88A-87D02A6AE88D}.Release|Any CPU.Build.0 = Release|Any CPU
	EndGlobalSection
	GlobalSection(SolutionProperties) = preSolution
		HideSolutionNode = FALSE
	EndGlobalSection
											GlobalSection(MonoDevelopProperties) = preSolution
		StartupItem = Assembly-CSharp.csproj
		Policies = $0
		$0.TextStylePolicy = $1
		$1.inheritsSet = null
		$1.scope = text/x-csharp
		$0.CSharpFormattingPolicy = $2
		$2.inheritsSet = Mono
		$2.inheritsScope = text/x-csharp
		$2.scope = text/x-csharp
		$0.TextStylePolicy = $3
		$3.FileWidth = 120
		$3.TabWidth = 4
		$3.EolMarker = Unix
		$3.inheritsSet = Mono
		$3.inheritsScope = text/plain
		$3.scope = text/plain
	EndGlobalSection

EndGlobal
